
Microsoft Visual Studio Solution File, Format Version 12.00
# Visual Studio Version 17
VisualStudioVersion = 17.1.32210.238
MinimumVisualStudioVersion = 10.0.40219.1
Project("{FAE04EC0-301F-11D3-BF4B-00C04F79EFBC}") = "sqa", "sqa\sqa.csproj", "{440B25B3-24B9-4E70-BF71-7A039F8CDB41}"
EndProject
Global
	GlobalSection(SolutionConfigurationPlatforms) = preSolution
		Debug|Any CPU = Debug|Any CPU
		Release|Any CPU = Release|Any CPU
	EndGlobalSection
	GlobalSection(ProjectConfigurationPlatforms) = postSolution
		{440B25B3-24B9-4E70-BF71-7A039F8CDB41}.Debug|Any CPU.ActiveCfg = Debug|Any CPU
		{440B25B3-24B9-4E70-BF71-7A039F8CDB41}.Debug|Any CPU.Build.0 = Debug|Any CPU
		{440B25B3-24B9-4E70-BF71-7A039F8CDB41}.Release|Any CPU.ActiveCfg = Release|Any CPU
		{440B25B3-24B9-4E70-BF71-7A039F8CDB41}.Release|Any CPU.Build.0 = Release|Any CPU
	EndGlobalSection
	GlobalSection(SolutionProperties) = preSolution
		HideSolutionNode = FALSE
	EndGlobalSection
	GlobalSection(ExtensibilityGlobals) = postSolution
		SolutionGuid = {EF31E6D7-D037-4EDD-8EB7-68AB9C909371}
	EndGlobalSection
EndGlobal
